
Microsoft Visual Studio Solution File, Format Version 12.00
# Visual Studio Version 16
VisualStudioVersion = 16.0.32002.261
MinimumVisualStudioVersion = 10.0.40219.1
Project("{9A19103F-16F7-4668-BE54-9A1E7A4F7556}") = "Labyrinth", "Labyrinth\Labyrinth.csproj", "{B11EFD06-3E22-47B5-AD90-2F87ADEA5083}"
EndProject
Project("{9A19103F-16F7-4668-BE54-9A1E7A4F7556}") = "Labyrinth.Test", "Labyrinth.Test\Labyrinth.Test.csproj", "{0D9F64FD-4E12-43CE-AEC9-A22193FC2AA8}"
EndProject
Project("{FAE04EC0-301F-11D3-BF4B-00C04F79EFBC}") = "Fibonacci", "Fibonacci\Fibonacci.csproj", "{70CFC959-31EA-4261-BC0E-DC68EC361754}"
EndProject
Global
	GlobalSection(SolutionConfigurationPlatforms) = preSolution
		Debug|Any CPU = Debug|Any CPU
		Release|Any CPU = Release|Any CPU
	EndGlobalSection
	GlobalSection(ProjectConfigurationPlatforms) = postSolution
		{B11EFD06-3E22-47B5-AD90-2F87ADEA5083}.Debug|Any CPU.ActiveCfg = Debug|Any CPU
		{B11EFD06-3E22-47B5-AD90-2F87ADEA5083}.Debug|Any CPU.Build.0 = Debug|Any CPU
		{B11EFD06-3E22-47B5-AD90-2F87ADEA5083}.Release|Any CPU.ActiveCfg = Release|Any CPU
		{B11EFD06-3E22-47B5-AD90-2F87ADEA5083}.Release|Any CPU.Build.0 = Release|Any CPU
		{0D9F64FD-4E12-43CE-AEC9-A22193FC2AA8}.Debug|Any CPU.ActiveCfg = Debug|Any CPU
		{0D9F64FD-4E12-43CE-AEC9-A22193FC2AA8}.Debug|Any CPU.Build.0 = Debug|Any CPU
		{0D9F64FD-4E12-43CE-AEC9-A22193FC2AA8}.Release|Any CPU.ActiveCfg = Release|Any CPU
		{0D9F64FD-4E12-43CE-AEC9-A22193FC2AA8}.Release|Any CPU.Build.0 = Release|Any CPU
		{70CFC959-31EA-4261-BC0E-DC68EC361754}.Debug|Any CPU.ActiveCfg = Debug|Any CPU
		{70CFC959-31EA-4261-BC0E-DC68EC361754}.Debug|Any CPU.Build.0 = Debug|Any CPU
		{70CFC959-31EA-4261-BC0E-DC68EC361754}.Release|Any CPU.ActiveCfg = Release|Any CPU
		{70CFC959-31EA-4261-BC0E-DC68EC361754}.Release|Any CPU.Build.0 = Release|Any CPU
	EndGlobalSection
	GlobalSection(SolutionProperties) = preSolution
		HideSolutionNode = FALSE
	EndGlobalSection
	GlobalSection(ExtensibilityGlobals) = postSolution
		SolutionGuid = {5410E5C5-9A95-44AC-ACD2-7E04B0D49C86}
	EndGlobalSection
EndGlobal
